// !$*UTF8*$!
{
	archiveVersion = 1;
	classes = {
	};
	objectVersion = 50;
	objects = {

/* Begin PBXBuildFile section */
		36E42A841098992EBAD77937 /* Pods_TruthOrDareTests.framework in Frameworks */ = {isa = PBXBuildFile; fileRef = 14C0017614C22CC39ED85464 /* Pods_TruthOrDareTests.framework */; };
		AB654D7D212D686700080E76 /* AppDelegate.swift in Sources */ = {isa = PBXBuildFile; fileRef = AB654D7C212D686700080E76 /* AppDelegate.swift */; };
		AB654D7F212D686700080E76 /* ViewController.swift in Sources */ = {isa = PBXBuildFile; fileRef = AB654D7E212D686700080E76 /* ViewController.swift */; };
		AB654D82212D686700080E76 /* Main.storyboard in Resources */ = {isa = PBXBuildFile; fileRef = AB654D80212D686700080E76 /* Main.storyboard */; };
		AB654D84212D686800080E76 /* Assets.xcassets in Resources */ = {isa = PBXBuildFile; fileRef = AB654D83212D686800080E76 /* Assets.xcassets */; };
		AB654D87212D686800080E76 /* LaunchScreen.storyboard in Resources */ = {isa = PBXBuildFile; fileRef = AB654D85212D686800080E76 /* LaunchScreen.storyboard */; };
		AB654D95212DA86400080E76 /* ViewModelTests.swift in Sources */ = {isa = PBXBuildFile; fileRef = AB654D94212DA86400080E76 /* ViewModelTests.swift */; };
		AB654D9D212DAA3E00080E76 /* ViewModel.swift in Sources */ = {isa = PBXBuildFile; fileRef = AB654D9C212DAA3E00080E76 /* ViewModel.swift */; };
/* End PBXBuildFile section */

/* Begin PBXContainerItemProxy section */
		AB654D97212DA86400080E76 /* PBXContainerItemProxy */ = {
			isa = PBXContainerItemProxy;
			containerPortal = AB654D71212D686700080E76 /* Project object */;
			proxyType = 1;
			remoteGlobalIDString = AB654D78212D686700080E76;
			remoteInfo = TruthOrDare;
		};
/* End PBXContainerItemProxy section */

/* Begin PBXFileReference section */
		04154D753C8EB9AA39C4094E /* Pods-TruthOrDareTests.release.xcconfig */ = {isa = PBXFileReference; includeInIndex = 1; lastKnownFileType = text.xcconfig; name = "Pods-TruthOrDareTests.release.xcconfig"; path = "Pods/Target Support Files/Pods-TruthOrDareTests/Pods-TruthOrDareTests.release.xcconfig"; sourceTree = "<group>"; };
		14C0017614C22CC39ED85464 /* Pods_TruthOrDareTests.framework */ = {isa = PBXFileReference; explicitFileType = wrapper.framework; includeInIndex = 0; path = Pods_TruthOrDareTests.framework; sourceTree = BUILT_PRODUCTS_DIR; };
		AB654D79212D686700080E76 /* TruthOrDare.app */ = {isa = PBXFileReference; explicitFileType = wrapper.application; includeInIndex = 0; path = TruthOrDare.app; sourceTree = BUILT_PRODUCTS_DIR; };
		AB654D7C212D686700080E76 /* AppDelegate.swift */ = {isa = PBXFileReference; lastKnownFileType = sourcecode.swift; path = AppDelegate.swift; sourceTree = "<group>"; };
		AB654D7E212D686700080E76 /* ViewController.swift */ = {isa = PBXFileReference; lastKnownFileType = sourcecode.swift; path = ViewController.swift; sourceTree = "<group>"; };
		AB654D81212D686700080E76 /* Base */ = {isa = PBXFileReference; lastKnownFileType = file.storyboard; name = Base; path = Base.lproj/Main.storyboard; sourceTree = "<group>"; };
		AB654D83212D686800080E76 /* Assets.xcassets */ = {isa = PBXFileReference; lastKnownFileType = folder.assetcatalog; path = Assets.xcassets; sourceTree = "<group>"; };
		AB654D86212D686800080E76 /* Base */ = {isa = PBXFileReference; lastKnownFileType = file.storyboard; name = Base; path = Base.lproj/LaunchScreen.storyboard; sourceTree = "<group>"; };
		AB654D88212D686900080E76 /* Info.plist */ = {isa = PBXFileReference; lastKnownFileType = text.plist.xml; path = Info.plist; sourceTree = "<group>"; };
		AB654D92212DA86400080E76 /* TruthOrDareTests.xctest */ = {isa = PBXFileReference; explicitFileType = wrapper.cfbundle; includeInIndex = 0; path = TruthOrDareTests.xctest; sourceTree = BUILT_PRODUCTS_DIR; };
		AB654D94212DA86400080E76 /* ViewModelTests.swift */ = {isa = PBXFileReference; lastKnownFileType = sourcecode.swift; path = ViewModelTests.swift; sourceTree = "<group>"; };
		AB654D96212DA86400080E76 /* Info.plist */ = {isa = PBXFileReference; lastKnownFileType = text.plist.xml; path = Info.plist; sourceTree = "<group>"; };
		AB654D9C212DAA3E00080E76 /* ViewModel.swift */ = {isa = PBXFileReference; lastKnownFileType = sourcecode.swift; path = ViewModel.swift; sourceTree = "<group>"; };
		F39FA433E2A4108B41062A4E /* Pods-TruthOrDareTests.debug.xcconfig */ = {isa = PBXFileReference; includeInIndex = 1; lastKnownFileType = text.xcconfig; name = "Pods-TruthOrDareTests.debug.xcconfig"; path = "Pods/Target Support Files/Pods-TruthOrDareTests/Pods-TruthOrDareTests.debug.xcconfig"; sourceTree = "<group>"; };
/* End PBXFileReference section */

/* Begin PBXFrameworksBuildPhase section */
		AB654D76212D686700080E76 /* Frameworks */ = {
			isa = PBXFrameworksBuildPhase;
			buildActionMask = 2147483647;
			files = (
			);
			runOnlyForDeploymentPostprocessing = 0;
		};
		AB654D8F212DA86400080E76 /* Frameworks */ = {
			isa = PBXFrameworksBuildPhase;
			buildActionMask = 2147483647;
			files = (
				36E42A841098992EBAD77937 /* Pods_TruthOrDareTests.framework in Frameworks */,
			);
			runOnlyForDeploymentPostprocessing = 0;
		};
/* End PBXFrameworksBuildPhase section */

/* Begin PBXGroup section */
		31C63447C597078417F310E5 /* Frameworks */ = {
			isa = PBXGroup;
			children = (
				14C0017614C22CC39ED85464 /* Pods_TruthOrDareTests.framework */,
			);
			name = Frameworks;
			sourceTree = "<group>";
		};
		AB654D70212D686700080E76 = {
			isa = PBXGroup;
			children = (
				AB654D7B212D686700080E76 /* TruthOrDare */,
				AB654D93212DA86400080E76 /* TruthOrDareTests */,
				AB654D7A212D686700080E76 /* Products */,
				B4AB3ECDCCF9064D8A1ACCA8 /* Pods */,
				31C63447C597078417F310E5 /* Frameworks */,
			);
			sourceTree = "<group>";
		};
		AB654D7A212D686700080E76 /* Products */ = {
			isa = PBXGroup;
			children = (
				AB654D79212D686700080E76 /* TruthOrDare.app */,
				AB654D92212DA86400080E76 /* TruthOrDareTests.xctest */,
			);
			name = Products;
			sourceTree = "<group>";
		};
		AB654D7B212D686700080E76 /* TruthOrDare */ = {
			isa = PBXGroup;
			children = (
				AB654D7C212D686700080E76 /* AppDelegate.swift */,
				AB654D7E212D686700080E76 /* ViewController.swift */,
				AB654D9C212DAA3E00080E76 /* ViewModel.swift */,
				AB654D80212D686700080E76 /* Main.storyboard */,
				AB654D83212D686800080E76 /* Assets.xcassets */,
				AB654D85212D686800080E76 /* LaunchScreen.storyboard */,
				AB654D88212D686900080E76 /* Info.plist */,
			);
			path = TruthOrDare;
			sourceTree = "<group>";
		};
		AB654D93212DA86400080E76 /* TruthOrDareTests */ = {
			isa = PBXGroup;
			children = (
				AB654D94212DA86400080E76 /* ViewModelTests.swift */,
				AB654D96212DA86400080E76 /* Info.plist */,
			);
			path = TruthOrDareTests;
			sourceTree = "<group>";
		};
		B4AB3ECDCCF9064D8A1ACCA8 /* Pods */ = {
			isa = PBXGroup;
			children = (
				F39FA433E2A4108B41062A4E /* Pods-TruthOrDareTests.debug.xcconfig */,
				04154D753C8EB9AA39C4094E /* Pods-TruthOrDareTests.release.xcconfig */,
			);
			name = Pods;
			sourceTree = "<group>";
		};
/* End PBXGroup section */

/* Begin PBXNativeTarget section */
		AB654D78212D686700080E76 /* TruthOrDare */ = {
			isa = PBXNativeTarget;
			buildConfigurationList = AB654D8B212D686900080E76 /* Build configuration list for PBXNativeTarget "TruthOrDare" */;
			buildPhases = (
				AB654D75212D686700080E76 /* Sources */,
				AB654D76212D686700080E76 /* Frameworks */,
				AB654D77212D686700080E76 /* Resources */,
			);
			buildRules = (
			);
			dependencies = (
			);
			name = TruthOrDare;
			productName = TruthOrDare;
			productReference = AB654D79212D686700080E76 /* TruthOrDare.app */;
			productType = "com.apple.product-type.application";
		};
		AB654D91212DA86400080E76 /* TruthOrDareTests */ = {
			isa = PBXNativeTarget;
			buildConfigurationList = AB654D99212DA86400080E76 /* Build configuration list for PBXNativeTarget "TruthOrDareTests" */;
			buildPhases = (
				2B5A1436F3BE5E498F40E404 /* [CP] Check Pods Manifest.lock */,
				AB654D8E212DA86400080E76 /* Sources */,
				AB654D8F212DA86400080E76 /* Frameworks */,
				AB654D90212DA86400080E76 /* Resources */,
				396C02FD55B0B177EAE4D3CB /* [CP] Embed Pods Frameworks */,
			);
			buildRules = (
			);
			dependencies = (
				AB654D98212DA86400080E76 /* PBXTargetDependency */,
			);
			name = TruthOrDareTests;
			productName = TruthOrDareTests;
			productReference = AB654D92212DA86400080E76 /* TruthOrDareTests.xctest */;
			productType = "com.apple.product-type.bundle.unit-test";
		};
/* End PBXNativeTarget section */

/* Begin PBXProject section */
		AB654D71212D686700080E76 /* Project object */ = {
			isa = PBXProject;
			attributes = {
				LastSwiftUpdateCheck = 0940;
				LastUpgradeCheck = 0940;
				ORGANIZATIONNAME = Lawrey;
				TargetAttributes = {
					AB654D78212D686700080E76 = {
						CreatedOnToolsVersion = 9.4.1;
					};
					AB654D91212DA86400080E76 = {
						CreatedOnToolsVersion = 9.4.1;
						TestTargetID = AB654D78212D686700080E76;
					};
				};
			};
			buildConfigurationList = AB654D74212D686700080E76 /* Build configuration list for PBXProject "TruthOrDare" */;
			compatibilityVersion = "Xcode 9.3";
			developmentRegion = en;
			hasScannedForEncodings = 0;
			knownRegions = (
				en,
				Base,
			);
			mainGroup = AB654D70212D686700080E76;
			productRefGroup = AB654D7A212D686700080E76 /* Products */;
			projectDirPath = "";
			projectRoot = "";
			targets = (
				AB654D78212D686700080E76 /* TruthOrDare */,
				AB654D91212DA86400080E76 /* TruthOrDareTests */,
			);
		};
/* End PBXProject section */

/* Begin PBXResourcesBuildPhase section */
		AB654D77212D686700080E76 /* Resources */ = {
			isa = PBXResourcesBuildPhase;
			buildActionMask = 2147483647;
			files = (
				AB654D87212D686800080E76 /* LaunchScreen.storyboard in Resources */,
				AB654D84212D686800080E76 /* Assets.xcassets in Resources */,
				AB654D82212D686700080E76 /* Main.storyboard in Resources */,
			);
			runOnlyForDeploymentPostprocessing = 0;
		};
		AB654D90212DA86400080E76 /* Resources */ = {
			isa = PBXResourcesBuildPhase;
			buildActionMask = 2147483647;
			files = (
			);
			runOnlyForDeploymentPostprocessing = 0;
		};
/* End PBXResourcesBuildPhase section */

/* Begin PBXShellScriptBuildPhase section */
		2B5A1436F3BE5E498F40E404 /* [CP] Check Pods Manifest.lock */ = {
			isa = PBXShellScriptBuildPhase;
			buildActionMask = 2147483647;
			files = (
			);
			inputPaths = (
				"${PODS_PODFILE_DIR_PATH}/Podfile.lock",
				"${PODS_ROOT}/Manifest.lock",
			);
			name = "[CP] Check Pods Manifest.lock";
			outputPaths = (
				"$(DERIVED_FILE_DIR)/Pods-TruthOrDareTests-checkManifestLockResult.txt",
			);
			runOnlyForDeploymentPostprocessing = 0;
			shellPath = /bin/sh;
			shellScript = "diff \"${PODS_PODFILE_DIR_PATH}/Podfile.lock\" \"${PODS_ROOT}/Manifest.lock\" > /dev/null\nif [ $? != 0 ] ; then\n    # print error to STDERR\n    echo \"error: The sandbox is not in sync with the Podfile.lock. Run 'pod install' or update your CocoaPods installation.\" >&2\n    exit 1\nfi\n# This output is used by Xcode 'outputs' to avoid re-running this script phase.\necho \"SUCCESS\" > \"${SCRIPT_OUTPUT_FILE_0}\"\n";
			showEnvVarsInLog = 0;
		};
		396C02FD55B0B177EAE4D3CB /* [CP] Embed Pods Frameworks */ = {
			isa = PBXShellScriptBuildPhase;
			buildActionMask = 2147483647;
			files = (
			);
			inputPaths = (
				"${SRCROOT}/Pods/Target Support Files/Pods-TruthOrDareTests/Pods-TruthOrDareTests-frameworks.sh",
				"${BUILT_PRODUCTS_DIR}/Nimble/Nimble.framework",
				"${BUILT_PRODUCTS_DIR}/Quick/Quick.framework",
			);
			name = "[CP] Embed Pods Frameworks";
			outputPaths = (
				"${TARGET_BUILD_DIR}/${FRAMEWORKS_FOLDER_PATH}/Nimble.framework",
				"${TARGET_BUILD_DIR}/${FRAMEWORKS_FOLDER_PATH}/Quick.framework",
			);
			runOnlyForDeploymentPostprocessing = 0;
			shellPath = /bin/sh;
			shellScript = "\"${SRCROOT}/Pods/Target Support Files/Pods-TruthOrDareTests/Pods-TruthOrDareTests-frameworks.sh\"\n";
			showEnvVarsInLog = 0;
		};
/* End PBXShellScriptBuildPhase section */

/* Begin PBXSourcesBuildPhase section */
		AB654D75212D686700080E76 /* Sources */ = {
			isa = PBXSourcesBuildPhase;
			buildActionMask = 2147483647;
			files = (
				AB654D7F212D686700080E76 /* ViewController.swift in Sources */,
				AB654D9D212DAA3E00080E76 /* ViewModel.swift in Sources */,
				AB654D7D212D686700080E76 /* AppDelegate.swift in Sources */,
			);
			runOnlyForDeploymentPostprocessing = 0;
		};
		AB654D8E212DA86400080E76 /* Sources */ = {
			isa = PBXSourcesBuildPhase;
			buildActionMask = 2147483647;
			files = (
				AB654D95212DA86400080E76 /* ViewModelTests.swift in Sources */,
			);
			runOnlyForDeploymentPostprocessing = 0;
		};
/* End PBXSourcesBuildPhase section */

/* Begin PBXTargetDependency section */
		AB654D98212DA86400080E76 /* PBXTargetDependency */ = {
			isa = PBXTargetDependency;
			target = AB654D78212D686700080E76 /* TruthOrDare */;
			targetProxy = AB654D97212DA86400080E76 /* PBXContainerItemProxy */;
		};
/* End PBXTargetDependency section */

/* Begin PBXVariantGroup section */
		AB654D80212D686700080E76 /* Main.storyboard */ = {
			isa = PBXVariantGroup;
			children = (
				AB654D81212D686700080E76 /* Base */,
			);
			name = Main.storyboard;
			sourceTree = "<group>";
		};
		AB654D85212D686800080E76 /* LaunchScreen.storyboard */ = {
			isa = PBXVariantGroup;
			children = (
				AB654D86212D686800080E76 /* Base */,
			);
			name = LaunchScreen.storyboard;
			sourceTree = "<group>";
		};
/* End PBXVariantGroup section */

/* Begin XCBuildConfiguration section */
		AB654D89212D686900080E76 /* Debug */ = {
			isa = XCBuildConfiguration;
			buildSettings = {
				ALWAYS_SEARCH_USER_PATHS = NO;
				CLANG_ANALYZER_NONNULL = YES;
				CLANG_ANALYZER_NUMBER_OBJECT_CONVERSION = YES_AGGRESSIVE;
				CLANG_CXX_LANGUAGE_STANDARD = "gnu++14";
				CLANG_CXX_LIBRARY = "libc++";
				CLANG_ENABLE_MODULES = YES;
				CLANG_ENABLE_OBJC_ARC = YES;
				CLANG_ENABLE_OBJC_WEAK = YES;
				CLANG_WARN_BLOCK_CAPTURE_AUTORELEASING = YES;
				CLANG_WARN_BOOL_CONVERSION = YES;
				CLANG_WARN_COMMA = YES;
				CLANG_WARN_CONSTANT_CONVERSION = YES;
				CLANG_WARN_DEPRECATED_OBJC_IMPLEMENTATIONS = YES;
				CLANG_WARN_DIRECT_OBJC_ISA_USAGE = YES_ERROR;
				CLANG_WARN_DOCUMENTATION_COMMENTS = YES;
				CLANG_WARN_EMPTY_BODY = YES;
				CLANG_WARN_ENUM_CONVERSION = YES;
				CLANG_WARN_INFINITE_RECURSION = YES;
				CLANG_WARN_INT_CONVERSION = YES;
				CLANG_WARN_NON_LITERAL_NULL_CONVERSION = YES;
				CLANG_WARN_OBJC_IMPLICIT_RETAIN_SELF = YES;
				CLANG_WARN_OBJC_LITERAL_CONVERSION = YES;
				CLANG_WARN_OBJC_ROOT_CLASS = YES_ERROR;
				CLANG_WARN_RANGE_LOOP_ANALYSIS = YES;
				CLANG_WARN_STRICT_PROTOTYPES = YES;
				CLANG_WARN_SUSPICIOUS_MOVE = YES;
				CLANG_WARN_UNGUARDED_AVAILABILITY = YES_AGGRESSIVE;
				CLANG_WARN_UNREACHABLE_CODE = YES;
				CLANG_WARN__DUPLICATE_METHOD_MATCH = YES;
				CODE_SIGN_IDENTITY = "iPhone Developer";
				COPY_PHASE_STRIP = NO;
				DEBUG_INFORMATION_FORMAT = dwarf;
				ENABLE_STRICT_OBJC_MSGSEND = YES;
				ENABLE_TESTABILITY = YES;
				GCC_C_LANGUAGE_STANDARD = gnu11;
				GCC_DYNAMIC_NO_PIC = NO;
				GCC_NO_COMMON_BLOCKS = YES;
				GCC_OPTIMIZATION_LEVEL = 0;
				GCC_PREPROCESSOR_DEFINITIONS = (
					"DEBUG=1",
					"$(inherited)",
				);
				GCC_WARN_64_TO_32_BIT_CONVERSION = YES;
				GCC_WARN_ABOUT_RETURN_TYPE = YES_ERROR;
				GCC_WARN_UNDECLARED_SELECTOR = YES;
				GCC_WARN_UNINITIALIZED_AUTOS = YES_AGGRESSIVE;
				GCC_WARN_UNUSED_FUNCTION = YES;
				GCC_WARN_UNUSED_VARIABLE = YES;
				IPHONEOS_DEPLOYMENT_TARGET = 11.4;
				MTL_ENABLE_DEBUG_INFO = YES;
				ONLY_ACTIVE_ARCH = YES;
				SDKROOT = iphoneos;
				SWIFT_ACTIVE_COMPILATION_CONDITIONS = DEBUG;
				SWIFT_OPTIMIZATION_LEVEL = "-Onone";
			};
			name = Debug;
		};
		AB654D8A212D686900080E76 /* Release */ = {
			isa = XCBuildConfiguration;
			buildSettings = {
				ALWAYS_SEARCH_USER_PATHS = NO;
				CLANG_ANALYZER_NONNULL = YES;
				CLANG_ANALYZER_NUMBER_OBJECT_CONVERSION = YES_AGGRESSIVE;
				CLANG_CXX_LANGUAGE_STANDARD = "gnu++14";
				CLANG_CXX_LIBRARY = "libc++";
				CLANG_ENABLE_MODULES = YES;
				CLANG_ENABLE_OBJC_ARC = YES;
				CLANG_ENABLE_OBJC_WEAK = YES;
				CLANG_WARN_BLOCK_CAPTURE_AUTORELEASING = YES;
				CLANG_WARN_BOOL_CONVERSION = YES;
				CLANG_WARN_COMMA = YES;
				CLANG_WARN_CONSTANT_CONVERSION = YES;
				CLANG_WARN_DEPRECATED_OBJC_IMPLEMENTATIONS = YES;
				CLANG_WARN_DIRECT_OBJC_ISA_USAGE = YES_ERROR;
				CLANG_WARN_DOCUMENTATION_COMMENTS = YES;
				CLANG_WARN_EMPTY_BODY = YES;
				CLANG_WARN_ENUM_CONVERSION = YES;
				CLANG_WARN_INFINITE_RECURSION = YES;
				CLANG_WARN_INT_CONVERSION = YES;
				CLANG_WARN_NON_LITERAL_NULL_CONVERSION = YES;
				CLANG_WARN_OBJC_IMPLICIT_RETAIN_SELF = YES;
				CLANG_WARN_OBJC_LITERAL_CONVERSION = YES;
				CLANG_WARN_OBJC_ROOT_CLASS = YES_ERROR;
				CLANG_WARN_RANGE_LOOP_ANALYSIS = YES;
				CLANG_WARN_STRICT_PROTOTYPES = YES;
				CLANG_WARN_SUSPICIOUS_MOVE = YES;
				CLANG_WARN_UNGUARDED_AVAILABILITY = YES_AGGRESSIVE;
				CLANG_WARN_UNREACHABLE_CODE = YES;
				CLANG_WARN__DUPLICATE_METHOD_MATCH = YES;
				CODE_SIGN_IDENTITY = "iPhone Developer";
				COPY_PHASE_STRIP = NO;
				DEBUG_INFORMATION_FORMAT = "dwarf-with-dsym";
				ENABLE_NS_ASSERTIONS = NO;
				ENABLE_STRICT_OBJC_MSGSEND = YES;
				GCC_C_LANGUAGE_STANDARD = gnu11;
				GCC_NO_COMMON_BLOCKS = YES;
				GCC_WARN_64_TO_32_BIT_CONVERSION = YES;
				GCC_WARN_ABOUT_RETURN_TYPE = YES_ERROR;
				GCC_WARN_UNDECLARED_SELECTOR = YES;
				GCC_WARN_UNINITIALIZED_AUTOS = YES_AGGRESSIVE;
				GCC_WARN_UNUSED_FUNCTION = YES;
				GCC_WARN_UNUSED_VARIABLE = YES;
				IPHONEOS_DEPLOYMENT_TARGET = 11.4;
				MTL_ENABLE_DEBUG_INFO = NO;
				SDKROOT = iphoneos;
				SWIFT_COMPILATION_MODE = wholemodule;
				SWIFT_OPTIMIZATION_LEVEL = "-O";
				VALIDATE_PRODUCT = YES;
			};
			name = Release;
		};
		AB654D8C212D686900080E76 /* Debug */ = {
			isa = XCBuildConfiguration;
			buildSettings = {
				ASSETCATALOG_COMPILER_APPICON_NAME = AppIcon;
				CODE_SIGN_IDENTITY = "iPhone Developer";
				CODE_SIGN_STYLE = Automatic;
				DEVELOPMENT_TEAM = B6XCN543G7;
				INFOPLIST_FILE = TruthOrDare/Info.plist;
				LD_RUNPATH_SEARCH_PATHS = (
					"$(inherited)",
					"@executable_path/Frameworks",
				);
				PRODUCT_BUNDLE_IDENTIFIER = com.appcoda.TruthOrDare;
				PRODUCT_NAME = "$(TARGET_NAME)";
				PROVISIONING_PROFILE = "";
				PROVISIONING_PROFILE_SPECIFIER = "";
				SWIFT_VERSION = 4.0;
				TARGETED_DEVICE_FAMILY = "1,2";
			};
			name = Debug;
		};
		AB654D8D212D686900080E76 /* Release */ = {
			isa = XCBuildConfiguration;
			buildSettings = {
				ASSETCATALOG_COMPILER_APPICON_NAME = AppIcon;
				CODE_SIGN_IDENTITY = "iPhone Developer";
				CODE_SIGN_STYLE = Automatic;
				DEVELOPMENT_TEAM = B6XCN543G7;
				INFOPLIST_FILE = TruthOrDare/Info.plist;
				LD_RUNPATH_SEARCH_PATHS = (
					"$(inherited)",
					"@executable_path/Frameworks",
				);
				PRODUCT_BUNDLE_IDENTIFIER = com.appcoda.TruthOrDare;
				PRODUCT_NAME = "$(TARGET_NAME)";
				PROVISIONING_PROFILE_SPECIFIER = "";
				SWIFT_VERSION = 4.0;
				TARGETED_DEVICE_FAMILY = "1,2";
			};
			name = Release;
		};
		AB654D9A212DA86400080E76 /* Debug */ = {
			isa = XCBuildConfiguration;
			baseConfigurationReference = F39FA433E2A4108B41062A4E /* Pods-TruthOrDareTests.debug.xcconfig */;
			buildSettings = {
				BUNDLE_LOADER = "$(TEST_HOST)";
				CODE_SIGN_STYLE = Automatic;
				DEVELOPMENT_TEAM = 5U4MH93EC9;
				INFOPLIST_FILE = TruthOrDareTests/Info.plist;
				LD_RUNPATH_SEARCH_PATHS = (
					"$(inherited)",
					"@executable_path/Frameworks",
					"@loader_path/Frameworks",
				);
				PRODUCT_BUNDLE_IDENTIFIER = com.lawrey.TruthOrDareTests;
				PRODUCT_NAME = "$(TARGET_NAME)";
				SWIFT_VERSION = 4.0;
				TARGETED_DEVICE_FAMILY = "1,2";
				TEST_HOST = "$(BUILT_PRODUCTS_DIR)/TruthOrDare.app/TruthOrDare";
			};
			name = Debug;
		};
		AB654D9B212DA86400080E76 /* Release */ = {
			isa = XCBuildConfiguration;
			baseConfigurationReference = 04154D753C8EB9AA39C4094E /* Pods-TruthOrDareTests.release.xcconfig */;
			buildSettings = {
				BUNDLE_LOADER = "$(TEST_HOST)";
				CODE_SIGN_STYLE = Automatic;
				DEVELOPMENT_TEAM = 5U4MH93EC9;
				INFOPLIST_FILE = TruthOrDareTests/Info.plist;
				LD_RUNPATH_SEARCH_PATHS = (
					"$(inherited)",
					"@executable_path/Frameworks",
					"@loader_path/Frameworks",
				);
				PRODUCT_BUNDLE_IDENTIFIER = com.lawrey.TruthOrDareTests;
				PRODUCT_NAME = "$(TARGET_NAME)";
				SWIFT_VERSION = 4.0;
				TARGETED_DEVICE_FAMILY = "1,2";
				TEST_HOST = "$(BUILT_PRODUCTS_DIR)/TruthOrDare.app/TruthOrDare";
			};
			name = Release;
		};
/* End XCBuildConfiguration section */

/* Begin XCConfigurationList section */
		AB654D74212D686700080E76 /* Build configuration list for PBXProject "TruthOrDare" */ = {
			isa = XCConfigurationList;
			buildConfigurations = (
				AB654D89212D686900080E76 /* Debug */,
				AB654D8A212D686900080E76 /* Release */,
			);
			defaultConfigurationIsVisible = 0;
			defaultConfigurationName = Release;
		};
		AB654D8B212D686900080E76 /* Build configuration list for PBXNativeTarget "TruthOrDare" */ = {
			isa = XCConfigurationList;
			buildConfigurations = (
				AB654D8C212D686900080E76 /* Debug */,
				AB654D8D212D686900080E76 /* Release */,
			);
			defaultConfigurationIsVisible = 0;
			defaultConfigurationName = Release;
		};
		AB654D99212DA86400080E76 /* Build configuration list for PBXNativeTarget "TruthOrDareTests" */ = {
			isa = XCConfigurationList;
			buildConfigurations = (
				AB654D9A212DA86400080E76 /* Debug */,
				AB654D9B212DA86400080E76 /* Release */,
			);
			defaultConfigurationIsVisible = 0;
			defaultConfigurationName = Release;
		};
/* End XCConfigurationList section */
	};
	rootObject = AB654D71212D686700080E76 /* Project object */;
}
